
Microsoft Visual Studio Solution File, Format Version 12.00
# Visual Studio 15
VisualStudioVersion = 15.0.28307.421
MinimumVisualStudioVersion = 10.0.40219.1
Project("{FAE04EC0-301F-11D3-BF4B-00C04F79EFBC}") = "ShoppingBasket", "ShoppingBasket\ShoppingBasket.csproj", "{370780C5-5ED7-4C6B-81DD-B6C7AB97D36F}"
EndProject
Global
	GlobalSection(SolutionConfigurationPlatforms) = preSolution
		Debug|Any CPU = Debug|Any CPU
		Release|Any CPU = Release|Any CPU
	EndGlobalSection
	GlobalSection(ProjectConfigurationPlatforms) = postSolution
		{370780C5-5ED7-4C6B-81DD-B6C7AB97D36F}.Debug|Any CPU.ActiveCfg = Debug|Any CPU
		{370780C5-5ED7-4C6B-81DD-B6C7AB97D36F}.Debug|Any CPU.Build.0 = Debug|Any CPU
		{370780C5-5ED7-4C6B-81DD-B6C7AB97D36F}.Release|Any CPU.ActiveCfg = Release|Any CPU
		{370780C5-5ED7-4C6B-81DD-B6C7AB97D36F}.Release|Any CPU.Build.0 = Release|Any CPU
	EndGlobalSection
	GlobalSection(SolutionProperties) = preSolution
		HideSolutionNode = FALSE
	EndGlobalSection
	GlobalSection(ExtensibilityGlobals) = postSolution
		SolutionGuid = {E178421D-46CD-40BB-BE1E-AD01A3AF6EB7}
	EndGlobalSection
EndGlobal
